
Microsoft Visual Studio Solution File, Format Version 12.00
# Visual Studio Version 17
VisualStudioVersion = 17.14.36401.2
MinimumVisualStudioVersion = 10.0.40219.1
Project("{FAE04EC0-301F-11D3-BF4B-00C04F79EFBC}") = "ApiPrueba", "ApiPrueba\ApiPrueba.csproj", "{31CCE8D6-A45E-4590-8050-7800339225B8}"
EndProject
Project("{FAE04EC0-301F-11D3-BF4B-00C04F79EFBC}") = "ApiPrueba.Tests", "ApiPrueba.Tests\ApiPrueba.Tests.csproj", "{6FFA3096-8C6A-427F-B34A-9B4F18076B91}"
EndProject
Global
	GlobalSection(SolutionConfigurationPlatforms) = preSolution
		Debug|Any CPU = Debug|Any CPU
		Debug|x64 = Debug|x64
		Debug|x86 = Debug|x86
		Release|Any CPU = Release|Any CPU
		Release|x64 = Release|x64
		Release|x86 = Release|x86
	EndGlobalSection
	GlobalSection(ProjectConfigurationPlatforms) = postSolution
		{31CCE8D6-A45E-4590-8050-7800339225B8}.Debug|Any CPU.ActiveCfg = Debug|Any CPU
		{31CCE8D6-A45E-4590-8050-7800339225B8}.Debug|Any CPU.Build.0 = Debug|Any CPU
		{31CCE8D6-A45E-4590-8050-7800339225B8}.Debug|x64.ActiveCfg = Debug|Any CPU
		{31CCE8D6-A45E-4590-8050-7800339225B8}.Debug|x64.Build.0 = Debug|Any CPU
		{31CCE8D6-A45E-4590-8050-7800339225B8}.Debug|x86.ActiveCfg = Debug|Any CPU
		{31CCE8D6-A45E-4590-8050-7800339225B8}.Debug|x86.Build.0 = Debug|Any CPU
		{31CCE8D6-A45E-4590-8050-7800339225B8}.Release|Any CPU.ActiveCfg = Release|Any CPU
		{31CCE8D6-A45E-4590-8050-7800339225B8}.Release|Any CPU.Build.0 = Release|Any CPU
		{31CCE8D6-A45E-4590-8050-7800339225B8}.Release|x64.ActiveCfg = Release|Any CPU
		{31CCE8D6-A45E-4590-8050-7800339225B8}.Release|x64.Build.0 = Release|Any CPU
		{31CCE8D6-A45E-4590-8050-7800339225B8}.Release|x86.ActiveCfg = Release|Any CPU
		{31CCE8D6-A45E-4590-8050-7800339225B8}.Release|x86.Build.0 = Release|Any CPU
		{6FFA3096-8C6A-427F-B34A-9B4F18076B91}.Debug|Any CPU.ActiveCfg = Debug|Any CPU
		{6FFA3096-8C6A-427F-B34A-9B4F18076B91}.Debug|Any CPU.Build.0 = Debug|Any CPU
		{6FFA3096-8C6A-427F-B34A-9B4F18076B91}.Debug|x64.ActiveCfg = Debug|Any CPU
		{6FFA3096-8C6A-427F-B34A-9B4F18076B91}.Debug|x64.Build.0 = Debug|Any CPU
		{6FFA3096-8C6A-427F-B34A-9B4F18076B91}.Debug|x86.ActiveCfg = Debug|Any CPU
		{6FFA3096-8C6A-427F-B34A-9B4F18076B91}.Debug|x86.Build.0 = Debug|Any CPU
		{6FFA3096-8C6A-427F-B34A-9B4F18076B91}.Release|Any CPU.ActiveCfg = Release|Any CPU
		{6FFA3096-8C6A-427F-B34A-9B4F18076B91}.Release|Any CPU.Build.0 = Release|Any CPU
		{6FFA3096-8C6A-427F-B34A-9B4F18076B91}.Release|x64.ActiveCfg = Release|Any CPU
		{6FFA3096-8C6A-427F-B34A-9B4F18076B91}.Release|x64.Build.0 = Release|Any CPU
		{6FFA3096-8C6A-427F-B34A-9B4F18076B91}.Release|x86.ActiveCfg = Release|Any CPU
		{6FFA3096-8C6A-427F-B34A-9B4F18076B91}.Release|x86.Build.0 = Release|Any CPU
	EndGlobalSection
	GlobalSection(SolutionProperties) = preSolution
		HideSolutionNode = FALSE
	EndGlobalSection
	GlobalSection(ExtensibilityGlobals) = postSolution
		SolutionGuid = {5BB665C0-E0C8-489A-AC03-CD0246A582C7}
	EndGlobalSection
EndGlobal
