
Microsoft Visual Studio Solution File, Format Version 12.00
# Visual Studio Version 17
VisualStudioVersion = 17.14.36401.2 d17.14
MinimumVisualStudioVersion = 10.0.40219.1
Project("{FAE04EC0-301F-11D3-BF4B-00C04F79EFBC}") = "ApiPrueba", "ApiPrueba\ApiPrueba.csproj", "{31CCE8D6-A45E-4590-8050-7800339225B8}"
EndProject
Global
	GlobalSection(SolutionConfigurationPlatforms) = preSolution
		Debug|Any CPU = Debug|Any CPU
		Release|Any CPU = Release|Any CPU
	EndGlobalSection
	GlobalSection(ProjectConfigurationPlatforms) = postSolution
		{31CCE8D6-A45E-4590-8050-7800339225B8}.Debug|Any CPU.ActiveCfg = Debug|Any CPU
		{31CCE8D6-A45E-4590-8050-7800339225B8}.Debug|Any CPU.Build.0 = Debug|Any CPU
		{31CCE8D6-A45E-4590-8050-7800339225B8}.Release|Any CPU.ActiveCfg = Release|Any CPU
		{31CCE8D6-A45E-4590-8050-7800339225B8}.Release|Any CPU.Build.0 = Release|Any CPU
	EndGlobalSection
	GlobalSection(SolutionProperties) = preSolution
		HideSolutionNode = FALSE
	EndGlobalSection
	GlobalSection(ExtensibilityGlobals) = postSolution
		SolutionGuid = {5BB665C0-E0C8-489A-AC03-CD0246A582C7}
	EndGlobalSection
EndGlobal
